{
  "lockfileVersion": 1,
  "configVersion": 1,
  "workspaces": {
    "": {
      "name": "@swi/c4-topology",
      "dependencies": {
        "oxc-parser": "^0.143.0",
        "oxc-resolver": "^11.24.2",
      },
    },
  },
  "packages": {
    "@emnapi/core": ["@emnapi/core@1.11.2", "", { "dependencies": { "@emnapi/wasi-threads": "1.2.2", "tslib": "^2.4.0" } }, "sha512-TC8MkTuZUtcTSiFeuC0ksCh9QIJ5+F21MvZ4Wn4ORfYaFJ/0dsiudv5tVkejgwZlwQ39jL9WWDe2lz8x0WglOA=="],

    "@emnapi/runtime": ["@emnapi/runtime@1.11.2", "", { "dependencies": { "tslib": "^2.4.0" } }, "sha512-kyOl3X0DuTiT1h2ft8r2fYO8JYtU9a9Xis/zBSiGArNaagCOWx90N1k2wxp18czFDH+OgcWGb5ZP/XMt3dcyPA=="],

    "@emnapi/wasi-threads": ["@emnapi/wasi-threads@1.2.2", "", { "dependencies": { "tslib": "^2.4.0" } }, "sha512-c95qOXkHdydNKhscBTebqEC1CVAZpyqOfVfBzQ1qgzyl3gfeldUjIggDbIZgDKsHLgnsM+igH7TJ/eAasaVuMA=="],

    "@napi-rs/wasm-runtime": ["@napi-rs/wasm-runtime@1.2.2", "", { "dependencies": { "@tybys/wasm-util": "^0.10.3" }, "peerDependencies": { "@emnapi/core": "^1.7.1 || ^2.0.0-alpha.3", "@emnapi/runtime": "^1.7.1 || ^2.0.0-alpha.3" } }, "sha512-JfB4kuJQjaoHuCTseIINHtHWeJnvgEcxjwA5t/Y00ZgaOO1Crz3fjT/p8kT28zA/Caz7oiUMn3d6H2yOVCVwuw=="],

    "@oxc-parser/binding-android-arm-eabi": ["@oxc-parser/binding-android-arm-eabi@0.143.0", "", { "os": "android", "cpu": "arm" }, "sha512-n9uozULWflPqBtdmI8lAabLqGKNgLVNN0ZH8HfgCwpKGNtzRzauB76jTiW/3YLkcA7N1zskpi9GdVnZuu1SAvg=="],

    "@oxc-parser/binding-android-arm64": ["@oxc-parser/binding-android-arm64@0.143.0", "", { "os": "android", "cpu": "arm64" }, "sha512-9BbdjHETk6O3zH/DDid9IgBtF0GlpLabNKN231uraXpRDSfY+iiZxTP5bk1Z63GBownVdhdINFIeddmMz4MzpQ=="],

    "@oxc-parser/binding-darwin-arm64": ["@oxc-parser/binding-darwin-arm64@0.143.0", "", { "os": "darwin", "cpu": "arm64" }, "sha512-gh+6ecoHUy4/sUcolBl/1qPXKBbYNxFY0Pk0ujgQvINTMSftJY7o4yb8gOkDJPeZeB8+a+u7xTe6umoP8N5HFA=="],

    "@oxc-parser/binding-darwin-x64": ["@oxc-parser/binding-darwin-x64@0.143.0", "", { "os": "darwin", "cpu": "x64" }, "sha512-qd1hl2d+lXgHv/VQ/M9qm8TrMC5T4RqDBwtOnl+1D0QMjwcz+8AaB4JSg8STgeag0GP6a6L74XEGAsrTSJWNzQ=="],

    "@oxc-parser/binding-freebsd-x64": ["@oxc-parser/binding-freebsd-x64@0.143.0", "", { "os": "freebsd", "cpu": "x64" }, "sha512-M5XXcNa7aOqLPKTR41msfghKu2yQ4xWvCm11/gwU0JzOzHNk5sgW//rVEjJ+LO48+VDAMzXTSzurUVxIDKwozw=="],

    "@oxc-parser/binding-linux-arm-gnueabihf": ["@oxc-parser/binding-linux-arm-gnueabihf@0.143.0", "", { "os": "linux", "cpu": "arm" }, "sha512-T/GXusuOkPNQhCQCSBbcU/N8j0rAypuDBl1IyFK+lyYT594XsVz80clPC/OtbSSpBGyJxj8uYEfctxVuxVYoww=="],

    "@oxc-parser/binding-linux-arm-musleabihf": ["@oxc-parser/binding-linux-arm-musleabihf@0.143.0", "", { "os": "linux", "cpu": "arm" }, "sha512-oKu4RcBlXSqo3OC62dp6YTnQaZIurNDpCX3BnAM3+bJxt7s8J2TJKMnC0UYer1qhlRaDCg6wkTaTw+2IlsZ12w=="],

    "@oxc-parser/binding-linux-arm64-gnu": ["@oxc-parser/binding-linux-arm64-gnu@0.143.0", "", { "os": "linux", "cpu": "arm64" }, "sha512-WJBbD186AZmMGaSIhlktC+rPl8L3peCTXAh88Ih9uEvK0en2mPojGyCGYiL6mHtV1RPV3JyfJW5t6n5hh0lXhA=="],

    "@oxc-parser/binding-linux-arm64-musl": ["@oxc-parser/binding-linux-arm64-musl@0.143.0", "", { "os": "linux", "cpu": "arm64" }, "sha512-t1AcYOwEzgceadT4v5e+vaCCb0AncCA3v5AyzfBAz/tMq11qzVccXKzNHtkWdjBsgvTKwRkaUF3QvT4kot8vcQ=="],

    "@oxc-parser/binding-linux-ppc64-gnu": ["@oxc-parser/binding-linux-ppc64-gnu@0.143.0", "", { "os": "linux", "cpu": "ppc64" }, "sha512-RsnO/NoD8376LMJq8JS8TwI0ieNaFRTuNe2GVJntQg6gwZNMENZsEbknHdVwjpOmxdGLGodcwaGSbAeRr5Bgjw=="],

    "@oxc-parser/binding-linux-riscv64-gnu": ["@oxc-parser/binding-linux-riscv64-gnu@0.143.0", "", { "os": "linux", "cpu": "none" }, "sha512-48fSVfR9TZi5CASZFyv0VC6z6BCoeihFsX031mAD/oSH7d9PYsPgIqza7d9mjP7Z2KTEpTFyH6SIu0Ui6R1vdg=="],

    "@oxc-parser/binding-linux-riscv64-musl": ["@oxc-parser/binding-linux-riscv64-musl@0.143.0", "", { "os": "linux", "cpu": "none" }, "sha512-T8CpdD+SfE01DnIOD4HpVxu0ZJOfMJ/VhCvikKfaXAxkZ+9veyLM/D2hpi7Y2hFUyPmVQO3FNZHmYzV/WlVR4g=="],

    "@oxc-parser/binding-linux-s390x-gnu": ["@oxc-parser/binding-linux-s390x-gnu@0.143.0", "", { "os": "linux", "cpu": "s390x" }, "sha512-QLdeMsCcacenPEFsfxnBUDF1y6opyz5+fmOz9bfD5Y7fiGCMupUCuB3KTPQhNwshIG1P9fPqar9MHxuBDd4bwQ=="],

    "@oxc-parser/binding-linux-x64-gnu": ["@oxc-parser/binding-linux-x64-gnu@0.143.0", "", { "os": "linux", "cpu": "x64" }, "sha512-659ujfqLy6k7cuH3sbzhd8b+ztSq+i6E2E9pG78Q0BmHjAExfGIdgc8cGgMdwAozDXeZFHkJ+LXYJdWsaGdgyw=="],

    "@oxc-parser/binding-linux-x64-musl": ["@oxc-parser/binding-linux-x64-musl@0.143.0", "", { "os": "linux", "cpu": "x64" }, "sha512-/Mw/9j4TfZcnKphPrzOE6t4MMknXadcAAuVUlDRTF/ETWB5xOgQvOJV2Mh9We/bWxZdoxaGAdc+hy4GuYwQ2yQ=="],

    "@oxc-parser/binding-openharmony-arm64": ["@oxc-parser/binding-openharmony-arm64@0.143.0", "", { "os": "none", "cpu": "arm64" }, "sha512-8rIKWR2BFuifbIK/1XB9wTaSdtuJ25dlE7ZQYDnEwj/2xH2vHsxnvIjHT3ZjSVuLLwGGlSslIG/fbOJ8TV8rTw=="],

    "@oxc-parser/binding-win32-arm64-msvc": ["@oxc-parser/binding-win32-arm64-msvc@0.143.0", "", { "os": "win32", "cpu": "arm64" }, "sha512-5U9kQYMfRRI6Zq7KDxgbIP0RMnKrfn3gLepRMgJuRkPSUALTiRCk9d/uyhb4lGDjUdzwK7mBkKqhLgzBPCmLpQ=="],

    "@oxc-parser/binding-win32-ia32-msvc": ["@oxc-parser/binding-win32-ia32-msvc@0.143.0", "", { "os": "win32", "cpu": "ia32" }, "sha512-25P7AaHk4R88Yv2XH4gToDVmh0cOu+bEURQU10CRrmvgabfRArSGAP5osmwUKeSUHj0VS50upbpbRWWW/m7mHA=="],

    "@oxc-parser/binding-win32-x64-msvc": ["@oxc-parser/binding-win32-x64-msvc@0.143.0", "", { "os": "win32", "cpu": "x64" }, "sha512-ORMh3JE1s6V7ySicdRK7vgaDQnn5o+UHg9ct989PlWHbel8O9ARrmWXM6kZjrBMtNucxNayQ8g69G0VfWzhANw=="],

    "@oxc-project/types": ["@oxc-project/types@0.143.0", "", {}, "sha512-u6JZdLBTLotrNC9Vd6vPssINdzcCzleKAH6EJKImQb7GtYvX5keN2dxkoK44stCc4tffE6QQRtZTXVSzsLUlWA=="],

    "@oxc-resolver/binding-android-arm-eabi": ["@oxc-resolver/binding-android-arm-eabi@11.24.2", "", { "os": "android", "cpu": "arm" }, "sha512-y09e0L0SRI2OA2tUIrjBgoV3eH5hvUKXNkJqXmNo5V2WxIjyC7I7aJfRLMEVpA8yi95f90gFDvO0VMgrDw+vwA=="],

    "@oxc-resolver/binding-android-arm64": ["@oxc-resolver/binding-android-arm64@11.24.2", "", { "os": "android", "cpu": "arm64" }, "sha512-cl4icWaZFnLdg8m6qtnh5rBMuGbxc/ptStFHLeCNwr+2cZjkjNwQu/jYRS0CHlnPecOJMpuS5M6/BH+0J/YkEg=="],

    "@oxc-resolver/binding-darwin-arm64": ["@oxc-resolver/binding-darwin-arm64@11.24.2", "", { "os": "darwin", "cpu": "arm64" }, "sha512-At29QEMF6HajbQvgY8K6OXnHD1x9rad74xBEfmCB6ZqCGsdq75aK7tOYcTbOanMy8qdIBrfL3SMr3p/lfSlb9w=="],

    "@oxc-resolver/binding-darwin-x64": ["@oxc-resolver/binding-darwin-x64@11.24.2", "", { "os": "darwin", "cpu": "x64" }, "sha512-A5Kqr1EUj4oIL5CF4WRssq/o5P0Y11cwoFouMRmQ7YnC/A8V93nv1nb7aSU8HwcgmXropjLNkVTl4MN87cu28Q=="],

    "@oxc-resolver/binding-freebsd-x64": ["@oxc-resolver/binding-freebsd-x64@11.24.2", "", { "os": "freebsd", "cpu": "x64" }, "sha512-R5xkRBRRz7ceH/P5Jrc6G7FmdUdgpLYyESFAUDVTNQ9K0sGPxcp4ljiwEwEqsvNcQ4sYbMRrWcHHBCu7ksAJVw=="],

    "@oxc-resolver/binding-linux-arm-gnueabihf": ["@oxc-resolver/binding-linux-arm-gnueabihf@11.24.2", "", { "os": "linux", "cpu": "arm" }, "sha512-k/RuYL4L/R58IBn3wT5ma3Wh4k62bp1eYCFRWCmMsasUOqL+H6sW0VGFadEzKWXFFlz+2uIMoeMk9ySSZJHgbg=="],

    "@oxc-resolver/binding-linux-arm-musleabihf": ["@oxc-resolver/binding-linux-arm-musleabihf@11.24.2", "", { "os": "linux", "cpu": "arm" }, "sha512-bnHAak3ujYfH5pKk4NieFNbvYvernfoQDgwLddbZ3OtMYrem87/qjlA+u+aKG0oZcqSLGCful/6/CEA+aeAgaA=="],

    "@oxc-resolver/binding-linux-arm64-gnu": ["@oxc-resolver/binding-linux-arm64-gnu@11.24.2", "", { "os": "linux", "cpu": "arm64" }, "sha512-vDT3KHgzYp47gmtNOqL2VNhCyl5Zv643eyxm//A68J8DeUGXrvD1pZFiaT4jSfe+RInfnn1R2yVHye4enx6RnA=="],

    "@oxc-resolver/binding-linux-arm64-musl": ["@oxc-resolver/binding-linux-arm64-musl@11.24.2", "", { "os": "linux", "cpu": "arm64" }, "sha512-+kMlQvbzfyEYtu5FcjE4p+ttBLpKW4d/AsAsuE69BxV6V4twZJeIQZFfD8gh/wqglY0MkPSezWXQH0jBV13MUw=="],

    "@oxc-resolver/binding-linux-ppc64-gnu": ["@oxc-resolver/binding-linux-ppc64-gnu@11.24.2", "", { "os": "linux", "cpu": "ppc64" }, "sha512-shjfMhmZ3gq9fv/w7bi3PnZlgOPG+2QAOFf0BJF0EgBSIGZ6PMLN2zbGEblTUYB/NKVDRyYhE2ff3dJ1QqNPkA=="],

    "@oxc-resolver/binding-linux-riscv64-gnu": ["@oxc-resolver/binding-linux-riscv64-gnu@11.24.2", "", { "os": "linux", "cpu": "none" }, "sha512-zGelwFR5oRo+b69k8Lrzun86DyUHzfKN6cnjbR9l7Z7NIRznOE/2ZvPa1IUKqAL2PzAXOdwkfVqNvO1H2RlpAw=="],

    "@oxc-resolver/binding-linux-riscv64-musl": ["@oxc-resolver/binding-linux-riscv64-musl@11.24.2", "", { "os": "linux", "cpu": "none" }, "sha512-qxZ1SWCXJY0eyhAlP6Lmo9F2Nrtx7EkYj9oCgL8apDPCwXwCEDA2U697bbT81JIc2IrVjxO4KX6WU2N+oN9Z4w=="],

    "@oxc-resolver/binding-linux-s390x-gnu": ["@oxc-resolver/binding-linux-s390x-gnu@11.24.2", "", { "os": "linux", "cpu": "s390x" }, "sha512-sGCecF3cx2DFlH4t/z7ApnOnXqN48p5p5mlHDEnHTAukQa2P+qMVE4CwyWE9W+q/m3QJ7kKfGrIjax31f44oFQ=="],

    "@oxc-resolver/binding-linux-x64-gnu": ["@oxc-resolver/binding-linux-x64-gnu@11.24.2", "", { "os": "linux", "cpu": "x64" }, "sha512-k/VlMMcSzMlahb3/fENM4rTlsJ0s3fFROA0KXPBmKggqmTSaE383sl8F3KCOXPLmVsYfW6hCitMhXCEtNeZxxg=="],

    "@oxc-resolver/binding-linux-x64-musl": ["@oxc-resolver/binding-linux-x64-musl@11.24.2", "", { "os": "linux", "cpu": "x64" }, "sha512-8hbnZyNi97b/8wapYaIF9+t9GmZKBW2vunaOc3h9HGJptH7b7XpvZqOTBSm/MpTjr7H497BlgOaSfLUdhmy2bw=="],

    "@oxc-resolver/binding-openharmony-arm64": ["@oxc-resolver/binding-openharmony-arm64@11.24.2", "", { "os": "none", "cpu": "arm64" }, "sha512-MvyGik3a6pVgZ0t/kWlbmFxFLmXQJwgLsY2eYFHLpy0wGwRbfzeIGgDwQ3kXqE30z+kSXennRkCrT7TUvkptNg=="],

    "@oxc-resolver/binding-wasm32-wasi": ["@oxc-resolver/binding-wasm32-wasi@11.24.2", "", { "dependencies": { "@emnapi/core": "1.11.2", "@emnapi/runtime": "1.11.2", "@napi-rs/wasm-runtime": "^1.1.6" }, "cpu": "none" }, "sha512-vHcssMPwO08RTvj/c0iOBz90attxyG3wQJ0dTcyEQK43LRpcdLWZlV5feBhv6Isn6ahbQIzHbCgfa81+RiML0Q=="],

    "@oxc-resolver/binding-win32-arm64-msvc": ["@oxc-resolver/binding-win32-arm64-msvc@11.24.2", "", { "os": "win32", "cpu": "arm64" }, "sha512-uokJqro2iBqkFvJdKQLP7d8/BUmFwESQFVmIJUQKj1Xn1a/LysJoe1vmeECLF5b3jsV8CAL5sEMJXX6SdK9Nhg=="],

    "@oxc-resolver/binding-win32-x64-msvc": ["@oxc-resolver/binding-win32-x64-msvc@11.24.2", "", { "os": "win32", "cpu": "x64" }, "sha512-UqGPmo56KDfLlfXFAFIrNflHT8tFxWGEivWg3Zeyp4Uy2NlKN1FGPr6/BxcLGG3+kZ6Wp14g5Uj+n71boqZfiw=="],

    "@tybys/wasm-util": ["@tybys/wasm-util@0.10.3", "", { "dependencies": { "tslib": "^2.4.0" } }, "sha512-F3fo1MYrRJYL3zER0OUOmkutjr1Vp23m7OsSgp7nq4SP6OqX6C/56XFIPAl5bt3zaBRjmW7SGz3u/6LwFpYcOg=="],

    "oxc-parser": ["oxc-parser@0.143.0", "", { "dependencies": { "@oxc-project/types": "^0.143.0" }, "optionalDependencies": { "@oxc-parser/binding-android-arm-eabi": "0.143.0", "@oxc-parser/binding-android-arm64": "0.143.0", "@oxc-parser/binding-darwin-arm64": "0.143.0", "@oxc-parser/binding-darwin-x64": "0.143.0", "@oxc-parser/binding-freebsd-x64": "0.143.0", "@oxc-parser/binding-linux-arm-gnueabihf": "0.143.0", "@oxc-parser/binding-linux-arm-musleabihf": "0.143.0", "@oxc-parser/binding-linux-arm64-gnu": "0.143.0", "@oxc-parser/binding-linux-arm64-musl": "0.143.0", "@oxc-parser/binding-linux-ppc64-gnu": "0.143.0", "@oxc-parser/binding-linux-riscv64-gnu": "0.143.0", "@oxc-parser/binding-linux-riscv64-musl": "0.143.0", "@oxc-parser/binding-linux-s390x-gnu": "0.143.0", "@oxc-parser/binding-linux-x64-gnu": "0.143.0", "@oxc-parser/binding-linux-x64-musl": "0.143.0", "@oxc-parser/binding-openharmony-arm64": "0.143.0", "@oxc-parser/binding-win32-arm64-msvc": "0.143.0", "@oxc-parser/binding-win32-ia32-msvc": "0.143.0", "@oxc-parser/binding-win32-x64-msvc": "0.143.0" } }, "sha512-ov0NzaDCOInknS7mP1cwKdJERt3utPW8ldjtdUXQ8Ty0GEFD08wk422vCUN0d7pST6kqtV7dxoI9w1Zi0l/9TA=="],

    "oxc-resolver": ["oxc-resolver@11.24.2", "", { "optionalDependencies": { "@oxc-resolver/binding-android-arm-eabi": "11.24.2", "@oxc-resolver/binding-android-arm64": "11.24.2", "@oxc-resolver/binding-darwin-arm64": "11.24.2", "@oxc-resolver/binding-darwin-x64": "11.24.2", "@oxc-resolver/binding-freebsd-x64": "11.24.2", "@oxc-resolver/binding-linux-arm-gnueabihf": "11.24.2", "@oxc-resolver/binding-linux-arm-musleabihf": "11.24.2", "@oxc-resolver/binding-linux-arm64-gnu": "11.24.2", "@oxc-resolver/binding-linux-arm64-musl": "11.24.2", "@oxc-resolver/binding-linux-ppc64-gnu": "11.24.2", "@oxc-resolver/binding-linux-riscv64-gnu": "11.24.2", "@oxc-resolver/binding-linux-riscv64-musl": "11.24.2", "@oxc-resolver/binding-linux-s390x-gnu": "11.24.2", "@oxc-resolver/binding-linux-x64-gnu": "11.24.2", "@oxc-resolver/binding-linux-x64-musl": "11.24.2", "@oxc-resolver/binding-openharmony-arm64": "11.24.2", "@oxc-resolver/binding-wasm32-wasi": "11.24.2", "@oxc-resolver/binding-win32-arm64-msvc": "11.24.2", "@oxc-resolver/binding-win32-x64-msvc": "11.24.2" } }, "sha512-FY91FiDBj7ls5MsFS9jN3tjz2o0/zsdSsymlakySaBwVJZorHhkWyICLZMKxlu1R9vYo+sd3z1jwb4J8x7bNDw=="],

    "tslib": ["tslib@2.8.1", "", {}, "sha512-oJFu94HQb+KVduSUQL7wnpmqnfmLsOA/nAh6b6EH0wCEoK0/mPeXU6c3wKDV83MkOuHPRHtSXKKU99IBazS/2w=="],
  }
}
